
Microsoft Visual Studio Solution File, Format Version 12.00
# Visual Studio Version 16
VisualStudioVersion = 16.0.33927.289
MinimumVisualStudioVersion = 10.0.40219.1
Project("{2150E333-8FDC-42A3-9474-1A3956D46DE8}") = "Task0", "Task0", "{2E5237A6-C477-44ED-8A8E-A7D63B52EEDE}"
EndProject
Project("{FAE04EC0-301F-11D3-BF4B-00C04F79EFBC}") = "Tyuiu.IbrayevAA.Sprint4.Task0.V25", "Tyuiu.IbrayevAA.Sprint4.Task0.V25\Tyuiu.IbrayevAA.Sprint4.Task0.V25.csproj", "{D2482D17-A428-4996-9FA1-12542C21F96C}"
EndProject
Project("{FAE04EC0-301F-11D3-BF4B-00C04F79EFBC}") = "Tyuiu.IbrayevAA.Sprint4.Task0.V25.Lib", "Tyuiu.IbrayevAA.Sprint4.Task0.V25.Lib\Tyuiu.IbrayevAA.Sprint4.Task0.V25.Lib.csproj", "{4FF1F269-02BE-4001-8D55-ED8EC58AE9DB}"
EndProject
Project("{FAE04EC0-301F-11D3-BF4B-00C04F79EFBC}") = "Tyuiu.IbrayevAA.Sprint4.Task0.V25.Test", "Tyuiu.IbrayevAA.Sprint4.Task0.V25.Test\Tyuiu.IbrayevAA.Sprint4.Task0.V25.Test.csproj", "{4D798667-DD6B-4F99-95A0-5C0C41081098}"
EndProject
Project("{2150E333-8FDC-42A3-9474-1A3956D46DE8}") = "Task1", "Task1", "{6D22DAF2-9FE7-4532-BF9B-8C172A686DB7}"
EndProject
Project("{FAE04EC0-301F-11D3-BF4B-00C04F79EFBC}") = "Tyuiu.IbrayevAA.Sprint4.Task1.V14", "Tyuiu.IbrayevAA.Sprint4.Task1.V14\Tyuiu.IbrayevAA.Sprint4.Task1.V14.csproj", "{23DBD7E4-CA9B-4D2B-AA99-AB5BE628644F}"
EndProject
Project("{FAE04EC0-301F-11D3-BF4B-00C04F79EFBC}") = "Tyuiu.IbrayevAA.Sprint4.Task1.V14.Lib", "Tyuiu.IbrayevAA.Sprint4.Task1.V14.Lib\Tyuiu.IbrayevAA.Sprint4.Task1.V14.Lib.csproj", "{D1790B50-386D-4C2A-856A-E0612FE69CD6}"
EndProject
Project("{FAE04EC0-301F-11D3-BF4B-00C04F79EFBC}") = "Tyuiu.IbrayevAA.Sprint4.Task1.V14.Test", "Tyuiu.IbrayevAA.Sprint4.Task1.V14.Test\Tyuiu.IbrayevAA.Sprint4.Task1.V14.Test.csproj", "{17CB854B-4274-4B83-A2E9-259F7A1F1E04}"
EndProject
Project("{2150E333-8FDC-42A3-9474-1A3956D46DE8}") = "Task2", "Task2", "{09CA8C20-EE6C-40E3-AB9C-FB43F1BE5146}"
EndProject
Project("{FAE04EC0-301F-11D3-BF4B-00C04F79EFBC}") = "Tyuiu.IbrayevAA.Sprint4.Task2.V20", "Tyuiu.IbrayevAA.Sprint4.Task2.V20\Tyuiu.IbrayevAA.Sprint4.Task2.V20.csproj", "{944C59AB-1777-4B2D-8AE7-DE7B675DE85C}"
EndProject
Project("{FAE04EC0-301F-11D3-BF4B-00C04F79EFBC}") = "Tyuiu.IbrayevAA.Sprint4.Task2.V20.Lib", "Tyuiu.IbrayevAA.Sprint4.Task2.V20.Lib\Tyuiu.IbrayevAA.Sprint4.Task2.V20.Lib.csproj", "{C262DE34-05AE-4D05-8BFD-58CB71CD3863}"
EndProject
Project("{FAE04EC0-301F-11D3-BF4B-00C04F79EFBC}") = "Tyuiu.IbrayevAA.Sprint4.Task2.V20.Test", "Tyuiu.IbrayevAA.Sprint4.Task2.V20.Test\Tyuiu.IbrayevAA.Sprint4.Task2.V20.Test.csproj", "{3E4FFA67-5598-4872-8687-A02F2923AC4B}"
EndProject
Project("{2150E333-8FDC-42A3-9474-1A3956D46DE8}") = "Task3", "Task3", "{F7FC6773-4D40-48A6-ADB8-4AE3130F0DB5}"
EndProject
Project("{FAE04EC0-301F-11D3-BF4B-00C04F79EFBC}") = "Tyuiu.IbrayevAA.Sprint4.Task3.V14", "Tyuiu.IbrayevAA.Sprint4.Task3.V14\Tyuiu.IbrayevAA.Sprint4.Task3.V14.csproj", "{06D23D2C-2786-4DC3-A732-DC055EF9FEB9}"
EndProject
Project("{FAE04EC0-301F-11D3-BF4B-00C04F79EFBC}") = "Tyuiu.IbrayevAA.Sprint4.Task3.V14.Lib", "Tyuiu.IbrayevAA.Sprint4.Task3.V14.Lib\Tyuiu.IbrayevAA.Sprint4.Task3.V14.Lib.csproj", "{03649C0B-448A-440A-B682-31373543C2E7}"
EndProject
Project("{FAE04EC0-301F-11D3-BF4B-00C04F79EFBC}") = "Tyuiu.IbrayevAA.Sprint4.Task3.V14.Test", "Tyuiu.IbrayevAA.Sprint4.Task3.V14.Test\Tyuiu.IbrayevAA.Sprint4.Task3.V14.Test.csproj", "{1D5649E2-D773-40B5-B7A6-BA39345DF7B3}"
EndProject
Project("{2150E333-8FDC-42A3-9474-1A3956D46DE8}") = "Task4", "Task4", "{58404B39-A732-4925-84FF-F0C26BAAEFA1}"
EndProject
Project("{FAE04EC0-301F-11D3-BF4B-00C04F79EFBC}") = "Tyuiu.IbrayevAA.Sprint4.Task4.V4", "Tyuiu.IbrayevAA.Sprint4.Task4.V4\Tyuiu.IbrayevAA.Sprint4.Task4.V4.csproj", "{A5CAE66A-CA05-4AEC-9306-B51FD69D8753}"
EndProject
Project("{FAE04EC0-301F-11D3-BF4B-00C04F79EFBC}") = "Tyuiu.IbrayevAA.Sprint4.Task4.V4.Lib", "Tyuiu.IbrayevAA.Sprint4.Task4.V4.Lib\Tyuiu.IbrayevAA.Sprint4.Task4.V4.Lib.csproj", "{B80A2375-8561-4125-8E1B-97DBB1C28F18}"
EndProject
Project("{FAE04EC0-301F-11D3-BF4B-00C04F79EFBC}") = "Tyuiu.IbrayevAA.Sprint4.Task4.V4.Test", "Tyuiu.IbrayevAA.Sprint4.Task4.V4.Test\Tyuiu.IbrayevAA.Sprint4.Task4.V4.Test.csproj", "{50AB0876-E2B9-4C5D-8FBB-D351B2C023A2}"
EndProject
Project("{2150E333-8FDC-42A3-9474-1A3956D46DE8}") = "Task5", "Task5", "{C3469C20-6EB2-494E-8EAF-430C651DEB81}"
EndProject
Project("{FAE04EC0-301F-11D3-BF4B-00C04F79EFBC}") = "Tyuiu.IbrayevAA.Sprint4.Task5.V25", "Tyuiu.IbrayevAA.Sprint4.Task5.V25\Tyuiu.IbrayevAA.Sprint4.Task5.V25.csproj", "{3DBE6B95-AF2D-4DDE-9F11-CCD5335DADBE}"
EndProject
Project("{FAE04EC0-301F-11D3-BF4B-00C04F79EFBC}") = "Tyuiu.IbrayevAA.Sprint4.Task5.V25.Lib", "Tyuiu.IbrayevAA.Sprint4.Task5.V25.Lib\Tyuiu.IbrayevAA.Sprint4.Task5.V25.Lib.csproj", "{1ED1E984-3530-4BE1-8DF4-59E570A47132}"
EndProject
Project("{FAE04EC0-301F-11D3-BF4B-00C04F79EFBC}") = "Tyuiu.IbrayevAA.Sprint4.Task5.V25.Test", "Tyuiu.IbrayevAA.Sprint4.Task5.V25.Test\Tyuiu.IbrayevAA.Sprint4.Task5.V25.Test.csproj", "{2D8E6E04-EC87-4867-9E20-D386AB9341A6}"
EndProject
Project("{2150E333-8FDC-42A3-9474-1A3956D46DE8}") = "Task6", "Task6", "{E4284909-05C5-4B45-A566-4F6B6B34277F}"
EndProject
Project("{FAE04EC0-301F-11D3-BF4B-00C04F79EFBC}") = "Tyuiu.IbrayevAA.Sprint4.Task6.V3", "Tyuiu.IbrayevAA.Sprint4.Task6.V3\Tyuiu.IbrayevAA.Sprint4.Task6.V3.csproj", "{9422622A-5B5C-4037-A0BA-A1FB4AF387C4}"
EndProject
Project("{FAE04EC0-301F-11D3-BF4B-00C04F79EFBC}") = "Tyuiu.IbrayevAA.Sprint4.Task6.V3.Lib", "Tyuiu.IbrayevAA.Sprint4.Task6.V3.Lib\Tyuiu.IbrayevAA.Sprint4.Task6.V3.Lib.csproj", "{C4E6C118-27EC-478C-BDEF-4F828B5714F2}"
EndProject
Project("{FAE04EC0-301F-11D3-BF4B-00C04F79EFBC}") = "Tyuiu.IbrayevAA.Sprint4.Task6.V3.Test", "Tyuiu.IbrayevAA.Sprint4.Task6.V3.Test\Tyuiu.IbrayevAA.Sprint4.Task6.V3.Test.csproj", "{6E87B778-8A40-4E8D-A65B-5AEB9028C751}"
EndProject
Global
	GlobalSection(SolutionConfigurationPlatforms) = preSolution
		Debug|Any CPU = Debug|Any CPU
		Release|Any CPU = Release|Any CPU
	EndGlobalSection
	GlobalSection(ProjectConfigurationPlatforms) = postSolution
		{D2482D17-A428-4996-9FA1-12542C21F96C}.Debug|Any CPU.ActiveCfg = Debug|Any CPU
		{D2482D17-A428-4996-9FA1-12542C21F96C}.Debug|Any CPU.Build.0 = Debug|Any CPU
		{D2482D17-A428-4996-9FA1-12542C21F96C}.Release|Any CPU.ActiveCfg = Release|Any CPU
		{D2482D17-A428-4996-9FA1-12542C21F96C}.Release|Any CPU.Build.0 = Release|Any CPU
		{4FF1F269-02BE-4001-8D55-ED8EC58AE9DB}.Debug|Any CPU.ActiveCfg = Debug|Any CPU
		{4FF1F269-02BE-4001-8D55-ED8EC58AE9DB}.Debug|Any CPU.Build.0 = Debug|Any CPU
		{4FF1F269-02BE-4001-8D55-ED8EC58AE9DB}.Release|Any CPU.ActiveCfg = Release|Any CPU
		{4FF1F269-02BE-4001-8D55-ED8EC58AE9DB}.Release|Any CPU.Build.0 = Release|Any CPU
		{4D798667-DD6B-4F99-95A0-5C0C41081098}.Debug|Any CPU.ActiveCfg = Debug|Any CPU
		{4D798667-DD6B-4F99-95A0-5C0C41081098}.Debug|Any CPU.Build.0 = Debug|Any CPU
		{4D798667-DD6B-4F99-95A0-5C0C41081098}.Release|Any CPU.ActiveCfg = Release|Any CPU
		{4D798667-DD6B-4F99-95A0-5C0C41081098}.Release|Any CPU.Build.0 = Release|Any CPU
		{23DBD7E4-CA9B-4D2B-AA99-AB5BE628644F}.Debug|Any CPU.ActiveCfg = Debug|Any CPU
		{23DBD7E4-CA9B-4D2B-AA99-AB5BE628644F}.Debug|Any CPU.Build.0 = Debug|Any CPU
		{23DBD7E4-CA9B-4D2B-AA99-AB5BE628644F}.Release|Any CPU.ActiveCfg = Release|Any CPU
		{23DBD7E4-CA9B-4D2B-AA99-AB5BE628644F}.Release|Any CPU.Build.0 = Release|Any CPU
		{D1790B50-386D-4C2A-856A-E0612FE69CD6}.Debug|Any CPU.ActiveCfg = Debug|Any CPU
		{D1790B50-386D-4C2A-856A-E0612FE69CD6}.Debug|Any CPU.Build.0 = Debug|Any CPU
		{D1790B50-386D-4C2A-856A-E0612FE69CD6}.Release|Any CPU.ActiveCfg = Release|Any CPU
		{D1790B50-386D-4C2A-856A-E0612FE69CD6}.Release|Any CPU.Build.0 = Release|Any CPU
		{17CB854B-4274-4B83-A2E9-259F7A1F1E04}.Debug|Any CPU.ActiveCfg = Debug|Any CPU
		{17CB854B-4274-4B83-A2E9-259F7A1F1E04}.Debug|Any CPU.Build.0 = Debug|Any CPU
		{17CB854B-4274-4B83-A2E9-259F7A1F1E04}.Release|Any CPU.ActiveCfg = Release|Any CPU
		{17CB854B-4274-4B83-A2E9-259F7A1F1E04}.Release|Any CPU.Build.0 = Release|Any CPU
		{944C59AB-1777-4B2D-8AE7-DE7B675DE85C}.Debug|Any CPU.ActiveCfg = Debug|Any CPU
		{944C59AB-1777-4B2D-8AE7-DE7B675DE85C}.Debug|Any CPU.Build.0 = Debug|Any CPU
		{944C59AB-1777-4B2D-8AE7-DE7B675DE85C}.Release|Any CPU.ActiveCfg = Release|Any CPU
		{944C59AB-1777-4B2D-8AE7-DE7B675DE85C}.Release|Any CPU.Build.0 = Release|Any CPU
		{C262DE34-05AE-4D05-8BFD-58CB71CD3863}.Debug|Any CPU.ActiveCfg = Debug|Any CPU
		{C262DE34-05AE-4D05-8BFD-58CB71CD3863}.Debug|Any CPU.Build.0 = Debug|Any CPU
		{C262DE34-05AE-4D05-8BFD-58CB71CD3863}.Release|Any CPU.ActiveCfg = Release|Any CPU
		{C262DE34-05AE-4D05-8BFD-58CB71CD3863}.Release|Any CPU.Build.0 = Release|Any CPU
		{3E4FFA67-5598-4872-8687-A02F2923AC4B}.Debug|Any CPU.ActiveCfg = Debug|Any CPU
		{3E4FFA67-5598-4872-8687-A02F2923AC4B}.Debug|Any CPU.Build.0 = Debug|Any CPU
		{3E4FFA67-5598-4872-8687-A02F2923AC4B}.Release|Any CPU.ActiveCfg = Release|Any CPU
		{3E4FFA67-5598-4872-8687-A02F2923AC4B}.Release|Any CPU.Build.0 = Release|Any CPU
		{06D23D2C-2786-4DC3-A732-DC055EF9FEB9}.Debug|Any CPU.ActiveCfg = Debug|Any CPU
		{06D23D2C-2786-4DC3-A732-DC055EF9FEB9}.Debug|Any CPU.Build.0 = Debug|Any CPU
		{06D23D2C-2786-4DC3-A732-DC055EF9FEB9}.Release|Any CPU.ActiveCfg = Release|Any CPU
		{06D23D2C-2786-4DC3-A732-DC055EF9FEB9}.Release|Any CPU.Build.0 = Release|Any CPU
		{03649C0B-448A-440A-B682-31373543C2E7}.Debug|Any CPU.ActiveCfg = Debug|Any CPU
		{03649C0B-448A-440A-B682-31373543C2E7}.Debug|Any CPU.Build.0 = Debug|Any CPU
		{03649C0B-448A-440A-B682-31373543C2E7}.Release|Any CPU.ActiveCfg = Release|Any CPU
		{03649C0B-448A-440A-B682-31373543C2E7}.Release|Any CPU.Build.0 = Release|Any CPU
		{1D5649E2-D773-40B5-B7A6-BA39345DF7B3}.Debug|Any CPU.ActiveCfg = Debug|Any CPU
		{1D5649E2-D773-40B5-B7A6-BA39345DF7B3}.Debug|Any CPU.Build.0 = Debug|Any CPU
		{1D5649E2-D773-40B5-B7A6-BA39345DF7B3}.Release|Any CPU.ActiveCfg = Release|Any CPU
		{1D5649E2-D773-40B5-B7A6-BA39345DF7B3}.Release|Any CPU.Build.0 = Release|Any CPU
		{A5CAE66A-CA05-4AEC-9306-B51FD69D8753}.Debug|Any CPU.ActiveCfg = Debug|Any CPU
		{A5CAE66A-CA05-4AEC-9306-B51FD69D8753}.Debug|Any CPU.Build.0 = Debug|Any CPU
		{A5CAE66A-CA05-4AEC-9306-B51FD69D8753}.Release|Any CPU.ActiveCfg = Release|Any CPU
		{A5CAE66A-CA05-4AEC-9306-B51FD69D8753}.Release|Any CPU.Build.0 = Release|Any CPU
		{B80A2375-8561-4125-8E1B-97DBB1C28F18}.Debug|Any CPU.ActiveCfg = Debug|Any CPU
		{B80A2375-8561-4125-8E1B-97DBB1C28F18}.Debug|Any CPU.Build.0 = Debug|Any CPU
		{B80A2375-8561-4125-8E1B-97DBB1C28F18}.Release|Any CPU.ActiveCfg = Release|Any CPU
		{B80A2375-8561-4125-8E1B-97DBB1C28F18}.Release|Any CPU.Build.0 = Release|Any CPU
		{50AB0876-E2B9-4C5D-8FBB-D351B2C023A2}.Debug|Any CPU.ActiveCfg = Debug|Any CPU
		{50AB0876-E2B9-4C5D-8FBB-D351B2C023A2}.Debug|Any CPU.Build.0 = Debug|Any CPU
		{50AB0876-E2B9-4C5D-8FBB-D351B2C023A2}.Release|Any CPU.ActiveCfg = Release|Any CPU
		{50AB0876-E2B9-4C5D-8FBB-D351B2C023A2}.Release|Any CPU.Build.0 = Release|Any CPU
		{3DBE6B95-AF2D-4DDE-9F11-CCD5335DADBE}.Debug|Any CPU.ActiveCfg = Debug|Any CPU
		{3DBE6B95-AF2D-4DDE-9F11-CCD5335DADBE}.Debug|Any CPU.Build.0 = Debug|Any CPU
		{3DBE6B95-AF2D-4DDE-9F11-CCD5335DADBE}.Release|Any CPU.ActiveCfg = Release|Any CPU
		{3DBE6B95-AF2D-4DDE-9F11-CCD5335DADBE}.Release|Any CPU.Build.0 = Release|Any CPU
		{1ED1E984-3530-4BE1-8DF4-59E570A47132}.Debug|Any CPU.ActiveCfg = Debug|Any CPU
		{1ED1E984-3530-4BE1-8DF4-59E570A47132}.Debug|Any CPU.Build.0 = Debug|Any CPU
		{1ED1E984-3530-4BE1-8DF4-59E570A47132}.Release|Any CPU.ActiveCfg = Release|Any CPU
		{1ED1E984-3530-4BE1-8DF4-59E570A47132}.Release|Any CPU.Build.0 = Release|Any CPU
		{2D8E6E04-EC87-4867-9E20-D386AB9341A6}.Debug|Any CPU.ActiveCfg = Debug|Any CPU
		{2D8E6E04-EC87-4867-9E20-D386AB9341A6}.Debug|Any CPU.Build.0 = Debug|Any CPU
		{2D8E6E04-EC87-4867-9E20-D386AB9341A6}.Release|Any CPU.ActiveCfg = Release|Any CPU
		{2D8E6E04-EC87-4867-9E20-D386AB9341A6}.Release|Any CPU.Build.0 = Release|Any CPU
		{9422622A-5B5C-4037-A0BA-A1FB4AF387C4}.Debug|Any CPU.ActiveCfg = Debug|Any CPU
		{9422622A-5B5C-4037-A0BA-A1FB4AF387C4}.Debug|Any CPU.Build.0 = Debug|Any CPU
		{9422622A-5B5C-4037-A0BA-A1FB4AF387C4}.Release|Any CPU.ActiveCfg = Release|Any CPU
		{9422622A-5B5C-4037-A0BA-A1FB4AF387C4}.Release|Any CPU.Build.0 = Release|Any CPU
		{C4E6C118-27EC-478C-BDEF-4F828B5714F2}.Debug|Any CPU.ActiveCfg = Debug|Any CPU
		{C4E6C118-27EC-478C-BDEF-4F828B5714F2}.Debug|Any CPU.Build.0 = Debug|Any CPU
		{C4E6C118-27EC-478C-BDEF-4F828B5714F2}.Release|Any CPU.ActiveCfg = Release|Any CPU
		{C4E6C118-27EC-478C-BDEF-4F828B5714F2}.Release|Any CPU.Build.0 = Release|Any CPU
		{6E87B778-8A40-4E8D-A65B-5AEB9028C751}.Debug|Any CPU.ActiveCfg = Debug|Any CPU
		{6E87B778-8A40-4E8D-A65B-5AEB9028C751}.Debug|Any CPU.Build.0 = Debug|Any CPU
		{6E87B778-8A40-4E8D-A65B-5AEB9028C751}.Release|Any CPU.ActiveCfg = Release|Any CPU
		{6E87B778-8A40-4E8D-A65B-5AEB9028C751}.Release|Any CPU.Build.0 = Release|Any CPU
	EndGlobalSection
	GlobalSection(SolutionProperties) = preSolution
		HideSolutionNode = FALSE
	EndGlobalSection
	GlobalSection(NestedProjects) = preSolution
		{D2482D17-A428-4996-9FA1-12542C21F96C} = {2E5237A6-C477-44ED-8A8E-A7D63B52EEDE}
		{4FF1F269-02BE-4001-8D55-ED8EC58AE9DB} = {2E5237A6-C477-44ED-8A8E-A7D63B52EEDE}
		{4D798667-DD6B-4F99-95A0-5C0C41081098} = {2E5237A6-C477-44ED-8A8E-A7D63B52EEDE}
		{23DBD7E4-CA9B-4D2B-AA99-AB5BE628644F} = {6D22DAF2-9FE7-4532-BF9B-8C172A686DB7}
		{D1790B50-386D-4C2A-856A-E0612FE69CD6} = {6D22DAF2-9FE7-4532-BF9B-8C172A686DB7}
		{17CB854B-4274-4B83-A2E9-259F7A1F1E04} = {6D22DAF2-9FE7-4532-BF9B-8C172A686DB7}
		{944C59AB-1777-4B2D-8AE7-DE7B675DE85C} = {09CA8C20-EE6C-40E3-AB9C-FB43F1BE5146}
		{C262DE34-05AE-4D05-8BFD-58CB71CD3863} = {09CA8C20-EE6C-40E3-AB9C-FB43F1BE5146}
		{3E4FFA67-5598-4872-8687-A02F2923AC4B} = {09CA8C20-EE6C-40E3-AB9C-FB43F1BE5146}
		{06D23D2C-2786-4DC3-A732-DC055EF9FEB9} = {F7FC6773-4D40-48A6-ADB8-4AE3130F0DB5}
		{03649C0B-448A-440A-B682-31373543C2E7} = {F7FC6773-4D40-48A6-ADB8-4AE3130F0DB5}
		{1D5649E2-D773-40B5-B7A6-BA39345DF7B3} = {F7FC6773-4D40-48A6-ADB8-4AE3130F0DB5}
		{A5CAE66A-CA05-4AEC-9306-B51FD69D8753} = {58404B39-A732-4925-84FF-F0C26BAAEFA1}
		{B80A2375-8561-4125-8E1B-97DBB1C28F18} = {58404B39-A732-4925-84FF-F0C26BAAEFA1}
		{50AB0876-E2B9-4C5D-8FBB-D351B2C023A2} = {58404B39-A732-4925-84FF-F0C26BAAEFA1}
		{3DBE6B95-AF2D-4DDE-9F11-CCD5335DADBE} = {C3469C20-6EB2-494E-8EAF-430C651DEB81}
		{1ED1E984-3530-4BE1-8DF4-59E570A47132} = {C3469C20-6EB2-494E-8EAF-430C651DEB81}
		{2D8E6E04-EC87-4867-9E20-D386AB9341A6} = {C3469C20-6EB2-494E-8EAF-430C651DEB81}
		{9422622A-5B5C-4037-A0BA-A1FB4AF387C4} = {E4284909-05C5-4B45-A566-4F6B6B34277F}
		{C4E6C118-27EC-478C-BDEF-4F828B5714F2} = {E4284909-05C5-4B45-A566-4F6B6B34277F}
		{6E87B778-8A40-4E8D-A65B-5AEB9028C751} = {E4284909-05C5-4B45-A566-4F6B6B34277F}
	EndGlobalSection
	GlobalSection(ExtensibilityGlobals) = postSolution
		SolutionGuid = {6F65D867-84D8-4C8A-9FF9-87EF71DC429D}
	EndGlobalSection
EndGlobal
