
Microsoft Visual Studio Solution File, Format Version 12.00
# Visual Studio Version 16
VisualStudioVersion = 16.0.33927.289
MinimumVisualStudioVersion = 10.0.40219.1
Project("{2150E333-8FDC-42A3-9474-1A3956D46DE8}") = "Task0", "Task0", "{2E5237A6-C477-44ED-8A8E-A7D63B52EEDE}"
EndProject
Project("{FAE04EC0-301F-11D3-BF4B-00C04F79EFBC}") = "Tyuiu.IbrayevAA.Sprint4.Task0.V25", "Tyuiu.IbrayevAA.Sprint4.Task0.V25\Tyuiu.IbrayevAA.Sprint4.Task0.V25.csproj", "{D2482D17-A428-4996-9FA1-12542C21F96C}"
EndProject
Project("{FAE04EC0-301F-11D3-BF4B-00C04F79EFBC}") = "Tyuiu.IbrayevAA.Sprint4.Task0.V25.Lib", "Tyuiu.IbrayevAA.Sprint4.Task0.V25.Lib\Tyuiu.IbrayevAA.Sprint4.Task0.V25.Lib.csproj", "{4FF1F269-02BE-4001-8D55-ED8EC58AE9DB}"
EndProject
Project("{FAE04EC0-301F-11D3-BF4B-00C04F79EFBC}") = "Tyuiu.IbrayevAA.Sprint4.Task0.V25.Test", "Tyuiu.IbrayevAA.Sprint4.Task0.V25.Test\Tyuiu.IbrayevAA.Sprint4.Task0.V25.Test.csproj", "{4D798667-DD6B-4F99-95A0-5C0C41081098}"
EndProject
Global
	GlobalSection(SolutionConfigurationPlatforms) = preSolution
		Debug|Any CPU = Debug|Any CPU
		Release|Any CPU = Release|Any CPU
	EndGlobalSection
	GlobalSection(ProjectConfigurationPlatforms) = postSolution
		{D2482D17-A428-4996-9FA1-12542C21F96C}.Debug|Any CPU.ActiveCfg = Debug|Any CPU
		{D2482D17-A428-4996-9FA1-12542C21F96C}.Debug|Any CPU.Build.0 = Debug|Any CPU
		{D2482D17-A428-4996-9FA1-12542C21F96C}.Release|Any CPU.ActiveCfg = Release|Any CPU
		{D2482D17-A428-4996-9FA1-12542C21F96C}.Release|Any CPU.Build.0 = Release|Any CPU
		{4FF1F269-02BE-4001-8D55-ED8EC58AE9DB}.Debug|Any CPU.ActiveCfg = Debug|Any CPU
		{4FF1F269-02BE-4001-8D55-ED8EC58AE9DB}.Debug|Any CPU.Build.0 = Debug|Any CPU
		{4FF1F269-02BE-4001-8D55-ED8EC58AE9DB}.Release|Any CPU.ActiveCfg = Release|Any CPU
		{4FF1F269-02BE-4001-8D55-ED8EC58AE9DB}.Release|Any CPU.Build.0 = Release|Any CPU
		{4D798667-DD6B-4F99-95A0-5C0C41081098}.Debug|Any CPU.ActiveCfg = Debug|Any CPU
		{4D798667-DD6B-4F99-95A0-5C0C41081098}.Debug|Any CPU.Build.0 = Debug|Any CPU
		{4D798667-DD6B-4F99-95A0-5C0C41081098}.Release|Any CPU.ActiveCfg = Release|Any CPU
		{4D798667-DD6B-4F99-95A0-5C0C41081098}.Release|Any CPU.Build.0 = Release|Any CPU
	EndGlobalSection
	GlobalSection(SolutionProperties) = preSolution
		HideSolutionNode = FALSE
	EndGlobalSection
	GlobalSection(NestedProjects) = preSolution
		{D2482D17-A428-4996-9FA1-12542C21F96C} = {2E5237A6-C477-44ED-8A8E-A7D63B52EEDE}
		{4FF1F269-02BE-4001-8D55-ED8EC58AE9DB} = {2E5237A6-C477-44ED-8A8E-A7D63B52EEDE}
		{4D798667-DD6B-4F99-95A0-5C0C41081098} = {2E5237A6-C477-44ED-8A8E-A7D63B52EEDE}
	EndGlobalSection
	GlobalSection(ExtensibilityGlobals) = postSolution
		SolutionGuid = {6F65D867-84D8-4C8A-9FF9-87EF71DC429D}
	EndGlobalSection
EndGlobal
