
Microsoft Visual Studio Solution File, Format Version 12.00
# Visual Studio Version 16
VisualStudioVersion = 16.0.33927.289
MinimumVisualStudioVersion = 10.0.40219.1
Project("{2150E333-8FDC-42A3-9474-1A3956D46DE8}") = "Task0", "Task0", "{2E5237A6-C477-44ED-8A8E-A7D63B52EEDE}"
EndProject
Project("{FAE04EC0-301F-11D3-BF4B-00C04F79EFBC}") = "Tyuiu.IbrayevAA.Sprint4.Task0.V25", "Tyuiu.IbrayevAA.Sprint4.Task0.V25\Tyuiu.IbrayevAA.Sprint4.Task0.V25.csproj", "{D2482D17-A428-4996-9FA1-12542C21F96C}"
EndProject
Project("{FAE04EC0-301F-11D3-BF4B-00C04F79EFBC}") = "Tyuiu.IbrayevAA.Sprint4.Task0.V25.Lib", "Tyuiu.IbrayevAA.Sprint4.Task0.V25.Lib\Tyuiu.IbrayevAA.Sprint4.Task0.V25.Lib.csproj", "{4FF1F269-02BE-4001-8D55-ED8EC58AE9DB}"
EndProject
Project("{FAE04EC0-301F-11D3-BF4B-00C04F79EFBC}") = "Tyuiu.IbrayevAA.Sprint4.Task0.V25.Test", "Tyuiu.IbrayevAA.Sprint4.Task0.V25.Test\Tyuiu.IbrayevAA.Sprint4.Task0.V25.Test.csproj", "{4D798667-DD6B-4F99-95A0-5C0C41081098}"
EndProject
Project("{2150E333-8FDC-42A3-9474-1A3956D46DE8}") = "Task1", "Task1", "{6D22DAF2-9FE7-4532-BF9B-8C172A686DB7}"
EndProject
Project("{FAE04EC0-301F-11D3-BF4B-00C04F79EFBC}") = "Tyuiu.IbrayevAA.Sprint4.Task1.V14", "Tyuiu.IbrayevAA.Sprint4.Task1.V14\Tyuiu.IbrayevAA.Sprint4.Task1.V14.csproj", "{23DBD7E4-CA9B-4D2B-AA99-AB5BE628644F}"
EndProject
Project("{FAE04EC0-301F-11D3-BF4B-00C04F79EFBC}") = "Tyuiu.IbrayevAA.Sprint4.Task1.V14.Lib", "Tyuiu.IbrayevAA.Sprint4.Task1.V14.Lib\Tyuiu.IbrayevAA.Sprint4.Task1.V14.Lib.csproj", "{D1790B50-386D-4C2A-856A-E0612FE69CD6}"
EndProject
Project("{FAE04EC0-301F-11D3-BF4B-00C04F79EFBC}") = "Tyuiu.IbrayevAA.Sprint4.Task1.V14.Test", "Tyuiu.IbrayevAA.Sprint4.Task1.V14.Test\Tyuiu.IbrayevAA.Sprint4.Task1.V14.Test.csproj", "{17CB854B-4274-4B83-A2E9-259F7A1F1E04}"
EndProject
Project("{2150E333-8FDC-42A3-9474-1A3956D46DE8}") = "Task2", "Task2", "{09CA8C20-EE6C-40E3-AB9C-FB43F1BE5146}"
EndProject
Project("{FAE04EC0-301F-11D3-BF4B-00C04F79EFBC}") = "Tyuiu.IbrayevAA.Sprint4.Task2.V20", "Tyuiu.IbrayevAA.Sprint4.Task2.V20\Tyuiu.IbrayevAA.Sprint4.Task2.V20.csproj", "{944C59AB-1777-4B2D-8AE7-DE7B675DE85C}"
EndProject
Project("{FAE04EC0-301F-11D3-BF4B-00C04F79EFBC}") = "Tyuiu.IbrayevAA.Sprint4.Task2.V20.Lib", "Tyuiu.IbrayevAA.Sprint4.Task2.V20.Lib\Tyuiu.IbrayevAA.Sprint4.Task2.V20.Lib.csproj", "{C262DE34-05AE-4D05-8BFD-58CB71CD3863}"
EndProject
Project("{FAE04EC0-301F-11D3-BF4B-00C04F79EFBC}") = "Tyuiu.IbrayevAA.Sprint4.Task2.V20.Test", "Tyuiu.IbrayevAA.Sprint4.Task2.V20.Test\Tyuiu.IbrayevAA.Sprint4.Task2.V20.Test.csproj", "{3E4FFA67-5598-4872-8687-A02F2923AC4B}"
EndProject
Global
	GlobalSection(SolutionConfigurationPlatforms) = preSolution
		Debug|Any CPU = Debug|Any CPU
		Release|Any CPU = Release|Any CPU
	EndGlobalSection
	GlobalSection(ProjectConfigurationPlatforms) = postSolution
		{D2482D17-A428-4996-9FA1-12542C21F96C}.Debug|Any CPU.ActiveCfg = Debug|Any CPU
		{D2482D17-A428-4996-9FA1-12542C21F96C}.Debug|Any CPU.Build.0 = Debug|Any CPU
		{D2482D17-A428-4996-9FA1-12542C21F96C}.Release|Any CPU.ActiveCfg = Release|Any CPU
		{D2482D17-A428-4996-9FA1-12542C21F96C}.Release|Any CPU.Build.0 = Release|Any CPU
		{4FF1F269-02BE-4001-8D55-ED8EC58AE9DB}.Debug|Any CPU.ActiveCfg = Debug|Any CPU
		{4FF1F269-02BE-4001-8D55-ED8EC58AE9DB}.Debug|Any CPU.Build.0 = Debug|Any CPU
		{4FF1F269-02BE-4001-8D55-ED8EC58AE9DB}.Release|Any CPU.ActiveCfg = Release|Any CPU
		{4FF1F269-02BE-4001-8D55-ED8EC58AE9DB}.Release|Any CPU.Build.0 = Release|Any CPU
		{4D798667-DD6B-4F99-95A0-5C0C41081098}.Debug|Any CPU.ActiveCfg = Debug|Any CPU
		{4D798667-DD6B-4F99-95A0-5C0C41081098}.Debug|Any CPU.Build.0 = Debug|Any CPU
		{4D798667-DD6B-4F99-95A0-5C0C41081098}.Release|Any CPU.ActiveCfg = Release|Any CPU
		{4D798667-DD6B-4F99-95A0-5C0C41081098}.Release|Any CPU.Build.0 = Release|Any CPU
		{23DBD7E4-CA9B-4D2B-AA99-AB5BE628644F}.Debug|Any CPU.ActiveCfg = Debug|Any CPU
		{23DBD7E4-CA9B-4D2B-AA99-AB5BE628644F}.Debug|Any CPU.Build.0 = Debug|Any CPU
		{23DBD7E4-CA9B-4D2B-AA99-AB5BE628644F}.Release|Any CPU.ActiveCfg = Release|Any CPU
		{23DBD7E4-CA9B-4D2B-AA99-AB5BE628644F}.Release|Any CPU.Build.0 = Release|Any CPU
		{D1790B50-386D-4C2A-856A-E0612FE69CD6}.Debug|Any CPU.ActiveCfg = Debug|Any CPU
		{D1790B50-386D-4C2A-856A-E0612FE69CD6}.Debug|Any CPU.Build.0 = Debug|Any CPU
		{D1790B50-386D-4C2A-856A-E0612FE69CD6}.Release|Any CPU.ActiveCfg = Release|Any CPU
		{D1790B50-386D-4C2A-856A-E0612FE69CD6}.Release|Any CPU.Build.0 = Release|Any CPU
		{17CB854B-4274-4B83-A2E9-259F7A1F1E04}.Debug|Any CPU.ActiveCfg = Debug|Any CPU
		{17CB854B-4274-4B83-A2E9-259F7A1F1E04}.Debug|Any CPU.Build.0 = Debug|Any CPU
		{17CB854B-4274-4B83-A2E9-259F7A1F1E04}.Release|Any CPU.ActiveCfg = Release|Any CPU
		{17CB854B-4274-4B83-A2E9-259F7A1F1E04}.Release|Any CPU.Build.0 = Release|Any CPU
		{944C59AB-1777-4B2D-8AE7-DE7B675DE85C}.Debug|Any CPU.ActiveCfg = Debug|Any CPU
		{944C59AB-1777-4B2D-8AE7-DE7B675DE85C}.Debug|Any CPU.Build.0 = Debug|Any CPU
		{944C59AB-1777-4B2D-8AE7-DE7B675DE85C}.Release|Any CPU.ActiveCfg = Release|Any CPU
		{944C59AB-1777-4B2D-8AE7-DE7B675DE85C}.Release|Any CPU.Build.0 = Release|Any CPU
		{C262DE34-05AE-4D05-8BFD-58CB71CD3863}.Debug|Any CPU.ActiveCfg = Debug|Any CPU
		{C262DE34-05AE-4D05-8BFD-58CB71CD3863}.Debug|Any CPU.Build.0 = Debug|Any CPU
		{C262DE34-05AE-4D05-8BFD-58CB71CD3863}.Release|Any CPU.ActiveCfg = Release|Any CPU
		{C262DE34-05AE-4D05-8BFD-58CB71CD3863}.Release|Any CPU.Build.0 = Release|Any CPU
		{3E4FFA67-5598-4872-8687-A02F2923AC4B}.Debug|Any CPU.ActiveCfg = Debug|Any CPU
		{3E4FFA67-5598-4872-8687-A02F2923AC4B}.Debug|Any CPU.Build.0 = Debug|Any CPU
		{3E4FFA67-5598-4872-8687-A02F2923AC4B}.Release|Any CPU.ActiveCfg = Release|Any CPU
		{3E4FFA67-5598-4872-8687-A02F2923AC4B}.Release|Any CPU.Build.0 = Release|Any CPU
	EndGlobalSection
	GlobalSection(SolutionProperties) = preSolution
		HideSolutionNode = FALSE
	EndGlobalSection
	GlobalSection(NestedProjects) = preSolution
		{D2482D17-A428-4996-9FA1-12542C21F96C} = {2E5237A6-C477-44ED-8A8E-A7D63B52EEDE}
		{4FF1F269-02BE-4001-8D55-ED8EC58AE9DB} = {2E5237A6-C477-44ED-8A8E-A7D63B52EEDE}
		{4D798667-DD6B-4F99-95A0-5C0C41081098} = {2E5237A6-C477-44ED-8A8E-A7D63B52EEDE}
		{23DBD7E4-CA9B-4D2B-AA99-AB5BE628644F} = {6D22DAF2-9FE7-4532-BF9B-8C172A686DB7}
		{D1790B50-386D-4C2A-856A-E0612FE69CD6} = {6D22DAF2-9FE7-4532-BF9B-8C172A686DB7}
		{17CB854B-4274-4B83-A2E9-259F7A1F1E04} = {6D22DAF2-9FE7-4532-BF9B-8C172A686DB7}
		{944C59AB-1777-4B2D-8AE7-DE7B675DE85C} = {09CA8C20-EE6C-40E3-AB9C-FB43F1BE5146}
		{C262DE34-05AE-4D05-8BFD-58CB71CD3863} = {09CA8C20-EE6C-40E3-AB9C-FB43F1BE5146}
		{3E4FFA67-5598-4872-8687-A02F2923AC4B} = {09CA8C20-EE6C-40E3-AB9C-FB43F1BE5146}
	EndGlobalSection
	GlobalSection(ExtensibilityGlobals) = postSolution
		SolutionGuid = {6F65D867-84D8-4C8A-9FF9-87EF71DC429D}
	EndGlobalSection
EndGlobal
